
Microsoft Visual Studio Solution File, Format Version 12.00
# Visual Studio Version 17
VisualStudioVersion = 17.1.32421.90
MinimumVisualStudioVersion = 10.0.40219.1
Project("{9A19103F-16F7-4668-BE54-9A1E7A4F7556}") = "BookTrip", "BookTrip\BookTrip.csproj", "{ACF94673-8519-43E6-A25F-2B02DD4A2E7B}"
EndProject
Project("{9A19103F-16F7-4668-BE54-9A1E7A4F7556}") = "MoQIntegrationTests", "Test_Endpoints\MoQIntegrationTests.csproj", "{A6F82CDE-5725-4331-A656-249C1481FDB2}"
EndProject
Project("{FAE04EC0-301F-11D3-BF4B-00C04F79EFBC}") = "MoQUnitTests", "UnitTests\MoQUnitTests.csproj", "{883D95C7-1330-464F-B8BB-1FC2C931B649}"
EndProject
Global
	GlobalSection(SolutionConfigurationPlatforms) = preSolution
		Debug|Any CPU = Debug|Any CPU
		Release|Any CPU = Release|Any CPU
	EndGlobalSection
	GlobalSection(ProjectConfigurationPlatforms) = postSolution
		{ACF94673-8519-43E6-A25F-2B02DD4A2E7B}.Debug|Any CPU.ActiveCfg = Debug|Any CPU
		{ACF94673-8519-43E6-A25F-2B02DD4A2E7B}.Debug|Any CPU.Build.0 = Debug|Any CPU
		{ACF94673-8519-43E6-A25F-2B02DD4A2E7B}.Release|Any CPU.ActiveCfg = Release|Any CPU
		{ACF94673-8519-43E6-A25F-2B02DD4A2E7B}.Release|Any CPU.Build.0 = Release|Any CPU
		{A6F82CDE-5725-4331-A656-249C1481FDB2}.Debug|Any CPU.ActiveCfg = Debug|Any CPU
		{A6F82CDE-5725-4331-A656-249C1481FDB2}.Debug|Any CPU.Build.0 = Debug|Any CPU
		{A6F82CDE-5725-4331-A656-249C1481FDB2}.Release|Any CPU.ActiveCfg = Release|Any CPU
		{A6F82CDE-5725-4331-A656-249C1481FDB2}.Release|Any CPU.Build.0 = Release|Any CPU
		{883D95C7-1330-464F-B8BB-1FC2C931B649}.Debug|Any CPU.ActiveCfg = Debug|Any CPU
		{883D95C7-1330-464F-B8BB-1FC2C931B649}.Debug|Any CPU.Build.0 = Debug|Any CPU
		{883D95C7-1330-464F-B8BB-1FC2C931B649}.Release|Any CPU.ActiveCfg = Release|Any CPU
		{883D95C7-1330-464F-B8BB-1FC2C931B649}.Release|Any CPU.Build.0 = Release|Any CPU
	EndGlobalSection
	GlobalSection(SolutionProperties) = preSolution
		HideSolutionNode = FALSE
	EndGlobalSection
	GlobalSection(ExtensibilityGlobals) = postSolution
		SolutionGuid = {0F013BE6-C60A-4444-9F10-D9372A6BB306}
	EndGlobalSection
EndGlobal
